
Microsoft Visual Studio Solution File, Format Version 12.00
# Visual Studio Version 16
VisualStudioVersion = 16.0.29905.134
MinimumVisualStudioVersion = 10.0.40219.1
Project("{FAE04EC0-301F-11D3-BF4B-00C04F79EFBC}") = "ChangeScript", "ChangeScript\ChangeScript.csproj", "{4A14118A-D09C-40DB-A12E-184076131D9D}"
EndProject
Global
	GlobalSection(SolutionConfigurationPlatforms) = preSolution
		Debug|Any CPU = Debug|Any CPU
		Release|Any CPU = Release|Any CPU
	EndGlobalSection
	GlobalSection(ProjectConfigurationPlatforms) = postSolution
		{4A14118A-D09C-40DB-A12E-184076131D9D}.Debug|Any CPU.ActiveCfg = Debug|Any CPU
		{4A14118A-D09C-40DB-A12E-184076131D9D}.Debug|Any CPU.Build.0 = Debug|Any CPU
		{4A14118A-D09C-40DB-A12E-184076131D9D}.Release|Any CPU.ActiveCfg = Release|Any CPU
		{4A14118A-D09C-40DB-A12E-184076131D9D}.Release|Any CPU.Build.0 = Release|Any CPU
	EndGlobalSection
	GlobalSection(SolutionProperties) = preSolution
		HideSolutionNode = FALSE
	EndGlobalSection
	GlobalSection(ExtensibilityGlobals) = postSolution
		SolutionGuid = {489A3566-5DCD-420B-AEBB-3C59546167E2}
	EndGlobalSection
EndGlobal
